
Microsoft Visual Studio Solution File, Format Version 12.00
# Visual Studio Version 18
VisualStudioVersion = 18.6.11819.183 stable
MinimumVisualStudioVersion = 10.0.40219.1
Project("{FAE04EC0-301F-11D3-BF4B-00C04F79EFBC}") = "Cybersecurity_Chatbot", "Cybersecurity_Chatbot.csproj", "{047D3A7C-9F57-0B59-2999-679EF83FFD5D}"
EndProject
Project("{FAE04EC0-301F-11D3-BF4B-00C04F79EFBC}") = "CybersecurityChatbot", "..\CybersecurityChatbot\CybersecurityChatbot.csproj", "{39796B69-4637-4687-A2D5-2EF448388CCA}"
EndProject
Global
	GlobalSection(SolutionConfigurationPlatforms) = preSolution
		Debug|Any CPU = Debug|Any CPU
		Release|Any CPU = Release|Any CPU
	EndGlobalSection
	GlobalSection(ProjectConfigurationPlatforms) = postSolution
		{047D3A7C-9F57-0B59-2999-679EF83FFD5D}.Debug|Any CPU.ActiveCfg = Debug|Any CPU
		{047D3A7C-9F57-0B59-2999-679EF83FFD5D}.Debug|Any CPU.Build.0 = Debug|Any CPU
		{047D3A7C-9F57-0B59-2999-679EF83FFD5D}.Release|Any CPU.ActiveCfg = Release|Any CPU
		{047D3A7C-9F57-0B59-2999-679EF83FFD5D}.Release|Any CPU.Build.0 = Release|Any CPU
		{39796B69-4637-4687-A2D5-2EF448388CCA}.Debug|Any CPU.ActiveCfg = Debug|Any CPU
		{39796B69-4637-4687-A2D5-2EF448388CCA}.Debug|Any CPU.Build.0 = Debug|Any CPU
		{39796B69-4637-4687-A2D5-2EF448388CCA}.Release|Any CPU.ActiveCfg = Release|Any CPU
		{39796B69-4637-4687-A2D5-2EF448388CCA}.Release|Any CPU.Build.0 = Release|Any CPU
	EndGlobalSection
	GlobalSection(SolutionProperties) = preSolution
		HideSolutionNode = FALSE
	EndGlobalSection
	GlobalSection(ExtensibilityGlobals) = postSolution
		SolutionGuid = {12362844-61D5-463D-A64E-F3D7849039D6}
	EndGlobalSection
EndGlobal
